
Microsoft Visual Studio Solution File, Format Version 12.00
# Visual Studio Version 16
VisualStudioVersion = 16.0.30907.101
MinimumVisualStudioVersion = 10.0.40219.1
Project("{FAE04EC0-301F-11D3-BF4B-00C04F79EFBC}") = "GameplayModifiersPlus", "GameplayModifiersPlus\GameplayModifiersPlus.csproj", "{6CE0DB7C-6D11-425C-A866-71437036CE9D}"
EndProject
Global
	GlobalSection(SolutionConfigurationPlatforms) = preSolution
		Debug|Any CPU = Debug|Any CPU
		Release|Any CPU = Release|Any CPU
	EndGlobalSection
	GlobalSection(ProjectConfigurationPlatforms) = postSolution
		{6CE0DB7C-6D11-425C-A866-71437036CE9D}.Debug|Any CPU.ActiveCfg = Debug|Any CPU
		{6CE0DB7C-6D11-425C-A866-71437036CE9D}.Debug|Any CPU.Build.0 = Debug|Any CPU
		{6CE0DB7C-6D11-425C-A866-71437036CE9D}.Release|Any CPU.ActiveCfg = Release|Any CPU
		{6CE0DB7C-6D11-425C-A866-71437036CE9D}.Release|Any CPU.Build.0 = Release|Any CPU
	EndGlobalSection
	GlobalSection(SolutionProperties) = preSolution
		HideSolutionNode = FALSE
	EndGlobalSection
	GlobalSection(ExtensibilityGlobals) = postSolution
		SolutionGuid = {C8F4A556-E945-41EC-BC43-B75B90E3AB49}
	EndGlobalSection
EndGlobal
